
Microsoft Visual Studio Solution File, Format Version 12.00
# Visual Studio Version 17
VisualStudioVersion = 17.14.36109.1 d17.14
MinimumVisualStudioVersion = 10.0.40219.1
Project("{FAE04EC0-301F-11D3-BF4B-00C04F79EFBC}") = "lection1024", "lection1024\lection1024.csproj", "{2A48623A-1E7E-4B56-B97D-51EB39CC38D6}"
EndProject
Global
	GlobalSection(SolutionConfigurationPlatforms) = preSolution
		Debug|Any CPU = Debug|Any CPU
		Release|Any CPU = Release|Any CPU
	EndGlobalSection
	GlobalSection(ProjectConfigurationPlatforms) = postSolution
		{2A48623A-1E7E-4B56-B97D-51EB39CC38D6}.Debug|Any CPU.ActiveCfg = Debug|Any CPU
		{2A48623A-1E7E-4B56-B97D-51EB39CC38D6}.Debug|Any CPU.Build.0 = Debug|Any CPU
		{2A48623A-1E7E-4B56-B97D-51EB39CC38D6}.Release|Any CPU.ActiveCfg = Release|Any CPU
		{2A48623A-1E7E-4B56-B97D-51EB39CC38D6}.Release|Any CPU.Build.0 = Release|Any CPU
	EndGlobalSection
	GlobalSection(SolutionProperties) = preSolution
		HideSolutionNode = FALSE
	EndGlobalSection
	GlobalSection(ExtensibilityGlobals) = postSolution
		SolutionGuid = {0818B770-D325-478E-BBBA-9F22B3451261}
	EndGlobalSection
EndGlobal
